
Microsoft Visual Studio Solution File, Format Version 12.00
# Visual Studio Version 17
VisualStudioVersion = 17.4.33403.182
MinimumVisualStudioVersion = 10.0.40219.1
Project("{FAE04EC0-301F-11D3-BF4B-00C04F79EFBC}") = "calc", "calc.csproj", "{0CF3E025-60AD-470E-97DE-61F3EC25B30B}"
EndProject
Global
	GlobalSection(SolutionConfigurationPlatforms) = preSolution
		Debug|Any CPU = Debug|Any CPU
		Release|Any CPU = Release|Any CPU
	EndGlobalSection
	GlobalSection(ProjectConfigurationPlatforms) = postSolution
		{0CF3E025-60AD-470E-97DE-61F3EC25B30B}.Debug|Any CPU.ActiveCfg = Debug|Any CPU
		{0CF3E025-60AD-470E-97DE-61F3EC25B30B}.Debug|Any CPU.Build.0 = Debug|Any CPU
		{0CF3E025-60AD-470E-97DE-61F3EC25B30B}.Release|Any CPU.ActiveCfg = Release|Any CPU
		{0CF3E025-60AD-470E-97DE-61F3EC25B30B}.Release|Any CPU.Build.0 = Release|Any CPU
	EndGlobalSection
	GlobalSection(SolutionProperties) = preSolution
		HideSolutionNode = FALSE
	EndGlobalSection
	GlobalSection(ExtensibilityGlobals) = postSolution
		SolutionGuid = {12A01937-103F-4D96-895F-00B69A6F26B2}
	EndGlobalSection
EndGlobal
